<?xml version="1.0" encoding="utf-8"?>
<Project ToolsVersion="4.0" xmlns="http://schemas.microsoft.com/developer/msbuild/2003">
  <ItemGroup>
    <Filter Include="Source Files">
      <UniqueIdentifier>{4FC737F1-C7A5-4376-A066-2A32D752A2FF}</UniqueIdentifier>
      <Extensions>cpp;c;cc;cxx;c++;cppm;ixx;def;odl;idl;hpj;bat;asm;asmx</Extensions>
    </Filter>
    <Filter Include="Header Files">
      <UniqueIdentifier>{93995380-89BD-4b04-88EB-625FBE52EBFB}</UniqueIdentifier>
      <Extensions>h;hh;hpp;hxx;h++;hm;inl;inc;ipp;xsd</Extensions>
    </Filter>
    <Filter Include="Resource Files">
      <UniqueIdentifier>{67DA6AB6-F800-4c08-8B7A-83BB121AAD01}</UniqueIdentifier>
      <Extensions>rc;ico;cur;bmp;dlg;rc2;rct;bin;rgs;gif;jpg;jpeg;jpe;resx;tiff;tif;png;wav;mfcribbon-ms</Extensions>
    </Filter>
    <Filter Include="Header Files\Base">
      <UniqueIdentifier>{148a4b0d-ca71-447c-9e76-1a082d378556}</UniqueIdentifier>
    </Filter>
    <Filter Include="Header Files\Clothes">
      <UniqueIdentifier>{121c663c-bb4b-40ba-8665-2e74777b0f7e}</UniqueIdentifier>
    </Filter>
    <Filter Include="Header Files\Tools">
      <UniqueIdentifier>{9f5fa50e-9517-4e7e-a857-76b6abb529da}</UniqueIdentifier>
    </Filter>
  </ItemGroup>
  <ItemGroup>
    <ClInclude Include="Src\Clothes.h">
      <Filter>Header Files\Base</Filter>
    </ClInclude>
    <ClInclude Include="Src\Object.h">
      <Filter>Header Files\Base</Filter>
    </ClInclude>
    <ClInclude Include="Src\Tool.h">
      <Filter>Header Files\Base</Filter>
    </ClInclude>
    <ClInclude Include="Src\Clothes\Bota.h">
      <Filter>Header Files\Clothes</Filter>
    </ClInclude>
    <ClInclude Include="Src\Clothes\Buzo.h">
      <Filter>Header Files\Clothes</Filter>
    </ClInclude>
    <ClInclude Include="Src\Clothes\Camisa.h">
      <Filter>Header Files\Clothes</Filter>
    </ClInclude>
    <ClInclude Include="Src\Clothes\Campera.h">
      <Filter>Header Files\Clothes</Filter>
    </ClInclude>
    <ClInclude Include="Src\Clothes\Casco.h">
      <Filter>Header Files\Clothes</Filter>
    </ClInclude>
    <ClInclude Include="Src\Clothes\Chaleco.h">
      <Filter>Header Files\Clothes</Filter>
    </ClInclude>
    <ClInclude Include="Src\Clothes\Chaqueta.h">
      <Filter>Header Files\Clothes</Filter>
    </ClInclude>
    <ClInclude Include="Src\Clothes\Delantal.h">
      <Filter>Header Files\Clothes</Filter>
    </ClInclude>
    <ClInclude Include="Src\Clothes\Guardapolvo.h">
      <Filter>Header Files\Clothes</Filter>
    </ClInclude>
    <ClInclude Include="Src\Clothes\Pantalon.h">
      <Filter>Header Files\Clothes</Filter>
    </ClInclude>
    <ClInclude Include="Src\Clothes\Remera.h">
      <Filter>Header Files\Clothes</Filter>
    </ClInclude>
    <ClInclude Include="Src\Clothes\ZapatoSeguridad.h">
      <Filter>Header Files\Clothes</Filter>
    </ClInclude>
    <ClInclude Include="Src\Tools\CombinadaImperial.h">
      <Filter>Header Files\Tools</Filter>
    </ClInclude>
    <ClInclude Include="Src\Tools\CombinadaMetrica.h">
      <Filter>Header Files\Tools</Filter>
    </ClInclude>
    <ClInclude Include="Src\Tools\FijaImperial.h">
      <Filter>Header Files\Tools</Filter>
    </ClInclude>
    <ClInclude Include="Src\Tools\FijaMetrica.h">
      <Filter>Header Files\Tools</Filter>
    </ClInclude>
    <ClInclude Include="Src\LlaveFija.h">
      <Filter>Header Files\Base</Filter>
    </ClInclude>
    <ClInclude Include="Src\Tools\CintaMetrica.h">
      <Filter>Header Files\Tools</Filter>
    </ClInclude>
    <ClInclude Include="Src\Tools\Destornillador.h">
      <Filter>Header Files\Tools</Filter>
    </ClInclude>
    <ClInclude Include="Src\Tools\GuanteCuero.h">
      <Filter>Header Files\Tools</Filter>
    </ClInclude>
    <ClInclude Include="Src\Tools\GuanteTela.h">
      <Filter>Header Files\Tools</Filter>
    </ClInclude>
    <ClInclude Include="Src\Tools\JuegoAllen.h">
      <Filter>Header Files\Tools</Filter>
    </ClInclude>
    <ClInclude Include="Src\Tools\JuegoTorx.h">
      <Filter>Header Files\Tools</Filter>
    </ClInclude>
    <ClInclude Include="Src\Tools\LlaveCanio.h">
      <Filter>Header Files\Tools</Filter>
    </ClInclude>
    <ClInclude Include="Src\Tools\LlaveFrancesa.h">
      <Filter>Header Files\Tools</Filter>
    </ClInclude>
    <ClInclude Include="Src\Tools\Martillo.h">
      <Filter>Header Files\Tools</Filter>
    </ClInclude>
    <ClInclude Include="Src\Tools\Maza.h">
      <Filter>Header Files\Tools</Filter>
    </ClInclude>
    <ClInclude Include="Src\Tools\Multimetro.h">
      <Filter>Header Files\Tools</Filter>
    </ClInclude>
    <ClInclude Include="Src\Tools\Phillips.h">
      <Filter>Header Files\Tools</Filter>
    </ClInclude>
    <ClInclude Include="Src\Tools\PinzaAmperometrica.h">
      <Filter>Header Files\Tools</Filter>
    </ClInclude>
    <ClInclude Include="Src\Tools\Plano.h">
      <Filter>Header Files\Tools</Filter>
    </ClInclude>
  </ItemGroup>
  <ItemGroup>
    <ClCompile Include="Src\main.cpp">
      <Filter>Source Files</Filter>
    </ClCompile>
  </ItemGroup>
</Project>